// !$*UTF8*$!
{
	archiveVersion = 1;
	classes = {
	};
	objectVersion = 56;
	objects = {

/* Begin PBXBuildFile section */
		59AFEEF42B77457200D98506 /* AppDelegate.swift in Sources */ = {isa = PBXBuildFile; fileRef = 59AFEEF32B77457200D98506 /* AppDelegate.swift */; };
		59AFEEF62B77457200D98506 /* SceneDelegate.swift in Sources */ = {isa = PBXBuildFile; fileRef = 59AFEEF52B77457200D98506 /* SceneDelegate.swift */; };
		59AFEEF82B77457200D98506 /* PaletteViewController.swift in Sources */ = {isa = PBXBuildFile; fileRef = 59AFEEF72B77457200D98506 /* PaletteViewController.swift */; };
		59AFEEFD2B77457300D98506 /* Assets.xcassets in Resources */ = {isa = PBXBuildFile; fileRef = 59AFEEFC2B77457300D98506 /* Assets.xcassets */; };
		59AFEF002B77457300D98506 /* LaunchScreen.storyboard in Resources */ = {isa = PBXBuildFile; fileRef = 59AFEEFE2B77457300D98506 /* LaunchScreen.storyboard */; };
		59AFEF082B7745E300D98506 /* ColorManager.swift in Sources */ = {isa = PBXBuildFile; fileRef = 59AFEF072B7745E300D98506 /* ColorManager.swift */; };
		59AFEF0A2B77460F00D98506 /* ColorSelectionView.swift in Sources */ = {isa = PBXBuildFile; fileRef = 59AFEF092B77460F00D98506 /* ColorSelectionView.swift */; };
		59AFEF0C2B77466000D98506 /* AdditionalColorSelectionView.swift in Sources */ = {isa = PBXBuildFile; fileRef = 59AFEF0B2B77466000D98506 /* AdditionalColorSelectionView.swift */; };
		59AFEF0E2B7746EA00D98506 /* ColorViewCell.swift in Sources */ = {isa = PBXBuildFile; fileRef = 59AFEF0D2B7746EA00D98506 /* ColorViewCell.swift */; };
		59AFEF102B77476500D98506 /* UICollectionReusableView + Extension.swift in Sources */ = {isa = PBXBuildFile; fileRef = 59AFEF0F2B77476500D98506 /* UICollectionReusableView + Extension.swift */; };
		59AFEF202B77E30500D98506 /* Model.swift in Sources */ = {isa = PBXBuildFile; fileRef = 59AFEF1F2B77E30500D98506 /* Model.swift */; };
		59AFEF2A2B7E478B00D98506 /* ColorDescriptionView.swift in Sources */ = {isa = PBXBuildFile; fileRef = 59AFEF292B7E478B00D98506 /* ColorDescriptionView.swift */; };
/* End PBXBuildFile section */

/* Begin PBXFileReference section */
		59AFEEF02B77457200D98506 /* ColorBlender.app */ = {isa = PBXFileReference; explicitFileType = wrapper.application; includeInIndex = 0; path = ColorBlender.app; sourceTree = BUILT_PRODUCTS_DIR; };
		59AFEEF32B77457200D98506 /* AppDelegate.swift */ = {isa = PBXFileReference; lastKnownFileType = sourcecode.swift; path = AppDelegate.swift; sourceTree = "<group>"; };
		59AFEEF52B77457200D98506 /* SceneDelegate.swift */ = {isa = PBXFileReference; lastKnownFileType = sourcecode.swift; path = SceneDelegate.swift; sourceTree = "<group>"; };
		59AFEEF72B77457200D98506 /* PaletteViewController.swift */ = {isa = PBXFileReference; lastKnownFileType = sourcecode.swift; path = PaletteViewController.swift; sourceTree = "<group>"; };
		59AFEEFC2B77457300D98506 /* Assets.xcassets */ = {isa = PBXFileReference; lastKnownFileType = folder.assetcatalog; path = Assets.xcassets; sourceTree = "<group>"; };
		59AFEEFF2B77457300D98506 /* Base */ = {isa = PBXFileReference; lastKnownFileType = file.storyboard; name = Base; path = Base.lproj/LaunchScreen.storyboard; sourceTree = "<group>"; };
		59AFEF012B77457300D98506 /* Info.plist */ = {isa = PBXFileReference; lastKnownFileType = text.plist.xml; path = Info.plist; sourceTree = "<group>"; };
		59AFEF072B7745E300D98506 /* ColorManager.swift */ = {isa = PBXFileReference; lastKnownFileType = sourcecode.swift; path = ColorManager.swift; sourceTree = "<group>"; };
		59AFEF092B77460F00D98506 /* ColorSelectionView.swift */ = {isa = PBXFileReference; lastKnownFileType = sourcecode.swift; path = ColorSelectionView.swift; sourceTree = "<group>"; };
		59AFEF0B2B77466000D98506 /* AdditionalColorSelectionView.swift */ = {isa = PBXFileReference; lastKnownFileType = sourcecode.swift; path = AdditionalColorSelectionView.swift; sourceTree = "<group>"; };
		59AFEF0D2B7746EA00D98506 /* ColorViewCell.swift */ = {isa = PBXFileReference; lastKnownFileType = sourcecode.swift; path = ColorViewCell.swift; sourceTree = "<group>"; };
		59AFEF0F2B77476500D98506 /* UICollectionReusableView + Extension.swift */ = {isa = PBXFileReference; lastKnownFileType = sourcecode.swift; path = "UICollectionReusableView + Extension.swift"; sourceTree = "<group>"; };
		59AFEF1F2B77E30500D98506 /* Model.swift */ = {isa = PBXFileReference; lastKnownFileType = sourcecode.swift; path = Model.swift; sourceTree = "<group>"; };
		59AFEF292B7E478B00D98506 /* ColorDescriptionView.swift */ = {isa = PBXFileReference; lastKnownFileType = sourcecode.swift; path = ColorDescriptionView.swift; sourceTree = "<group>"; };
/* End PBXFileReference section */

/* Begin PBXFrameworksBuildPhase section */
		59AFEEED2B77457200D98506 /* Frameworks */ = {
			isa = PBXFrameworksBuildPhase;
			buildActionMask = 2147483647;
			files = (
			);
			runOnlyForDeploymentPostprocessing = 0;
		};
/* End PBXFrameworksBuildPhase section */

/* Begin PBXGroup section */
		59AFEEE72B77457200D98506 = {
			isa = PBXGroup;
			children = (
				59AFEEF22B77457200D98506 /* ColorBlender */,
				59AFEEF12B77457200D98506 /* Products */,
			);
			sourceTree = "<group>";
		};
		59AFEEF12B77457200D98506 /* Products */ = {
			isa = PBXGroup;
			children = (
				59AFEEF02B77457200D98506 /* ColorBlender.app */,
			);
			name = Products;
			sourceTree = "<group>";
		};
		59AFEEF22B77457200D98506 /* ColorBlender */ = {
			isa = PBXGroup;
			children = (
				59AFEF162B7749F000D98506 /* App */,
				59AFEF152B7749E400D98506 /* Extensions */,
				59AFEF142B7749D600D98506 /* Workers */,
				59AFEF112B77499400D98506 /* ViewController */,
				59AFEF172B774A0300D98506 /* Resources */,
			);
			path = ColorBlender;
			sourceTree = "<group>";
		};
		59AFEF112B77499400D98506 /* ViewController */ = {
			isa = PBXGroup;
			children = (
				59AFEEF72B77457200D98506 /* PaletteViewController.swift */,
				59AFEF1F2B77E30500D98506 /* Model.swift */,
				59AFEF292B7E478B00D98506 /* ColorDescriptionView.swift */,
				59AFEF122B7749A000D98506 /* Cells */,
			);
			path = ViewController;
			sourceTree = "<group>";
		};
		59AFEF122B7749A000D98506 /* Cells */ = {
			isa = PBXGroup;
			children = (
				59AFEF0D2B7746EA00D98506 /* ColorViewCell.swift */,
				59AFEF132B7749B700D98506 /* Views */,
			);
			path = Cells;
			sourceTree = "<group>";
		};
		59AFEF132B7749B700D98506 /* Views */ = {
			isa = PBXGroup;
			children = (
				59AFEF092B77460F00D98506 /* ColorSelectionView.swift */,
				59AFEF0B2B77466000D98506 /* AdditionalColorSelectionView.swift */,
			);
			path = Views;
			sourceTree = "<group>";
		};
		59AFEF142B7749D600D98506 /* Workers */ = {
			isa = PBXGroup;
			children = (
				59AFEF072B7745E300D98506 /* ColorManager.swift */,
			);
			path = Workers;
			sourceTree = "<group>";
		};
		59AFEF152B7749E400D98506 /* Extensions */ = {
			isa = PBXGroup;
			children = (
				59AFEF0F2B77476500D98506 /* UICollectionReusableView + Extension.swift */,
			);
			path = Extensions;
			sourceTree = "<group>";
		};
		59AFEF162B7749F000D98506 /* App */ = {
			isa = PBXGroup;
			children = (
				59AFEEF32B77457200D98506 /* AppDelegate.swift */,
				59AFEEF52B77457200D98506 /* SceneDelegate.swift */,
			);
			path = App;
			sourceTree = "<group>";
		};
		59AFEF172B774A0300D98506 /* Resources */ = {
			isa = PBXGroup;
			children = (
				59AFEEFC2B77457300D98506 /* Assets.xcassets */,
				59AFEEFE2B77457300D98506 /* LaunchScreen.storyboard */,
				59AFEF012B77457300D98506 /* Info.plist */,
			);
			path = Resources;
			sourceTree = "<group>";
		};
/* End PBXGroup section */

/* Begin PBXNativeTarget section */
		59AFEEEF2B77457200D98506 /* ColorBlender */ = {
			isa = PBXNativeTarget;
			buildConfigurationList = 59AFEF042B77457300D98506 /* Build configuration list for PBXNativeTarget "ColorBlender" */;
			buildPhases = (
				59AFEEEC2B77457200D98506 /* Sources */,
				59AFEEED2B77457200D98506 /* Frameworks */,
				59AFEEEE2B77457200D98506 /* Resources */,
			);
			buildRules = (
			);
			dependencies = (
			);
			name = ColorBlender;
			productName = ColorBlender;
			productReference = 59AFEEF02B77457200D98506 /* ColorBlender.app */;
			productType = "com.apple.product-type.application";
		};
/* End PBXNativeTarget section */

/* Begin PBXProject section */
		59AFEEE82B77457200D98506 /* Project object */ = {
			isa = PBXProject;
			attributes = {
				BuildIndependentTargetsInParallel = 1;
				LastSwiftUpdateCheck = 1520;
				LastUpgradeCheck = 1520;
				TargetAttributes = {
					59AFEEEF2B77457200D98506 = {
						CreatedOnToolsVersion = 15.2;
					};
				};
			};
			buildConfigurationList = 59AFEEEB2B77457200D98506 /* Build configuration list for PBXProject "ColorBlender" */;
			compatibilityVersion = "Xcode 14.0";
			developmentRegion = en;
			hasScannedForEncodings = 0;
			knownRegions = (
				en,
				Base,
			);
			mainGroup = 59AFEEE72B77457200D98506;
			productRefGroup = 59AFEEF12B77457200D98506 /* Products */;
			projectDirPath = "";
			projectRoot = "";
			targets = (
				59AFEEEF2B77457200D98506 /* ColorBlender */,
			);
		};
/* End PBXProject section */

/* Begin PBXResourcesBuildPhase section */
		59AFEEEE2B77457200D98506 /* Resources */ = {
			isa = PBXResourcesBuildPhase;
			buildActionMask = 2147483647;
			files = (
				59AFEF002B77457300D98506 /* LaunchScreen.storyboard in Resources */,
				59AFEEFD2B77457300D98506 /* Assets.xcassets in Resources */,
			);
			runOnlyForDeploymentPostprocessing = 0;
		};
/* End PBXResourcesBuildPhase section */

/* Begin PBXSourcesBuildPhase section */
		59AFEEEC2B77457200D98506 /* Sources */ = {
			isa = PBXSourcesBuildPhase;
			buildActionMask = 2147483647;
			files = (
				59AFEF082B7745E300D98506 /* ColorManager.swift in Sources */,
				59AFEEF82B77457200D98506 /* PaletteViewController.swift in Sources */,
				59AFEEF42B77457200D98506 /* AppDelegate.swift in Sources */,
				59AFEF2A2B7E478B00D98506 /* ColorDescriptionView.swift in Sources */,
				59AFEEF62B77457200D98506 /* SceneDelegate.swift in Sources */,
				59AFEF202B77E30500D98506 /* Model.swift in Sources */,
				59AFEF0E2B7746EA00D98506 /* ColorViewCell.swift in Sources */,
				59AFEF0C2B77466000D98506 /* AdditionalColorSelectionView.swift in Sources */,
				59AFEF102B77476500D98506 /* UICollectionReusableView + Extension.swift in Sources */,
				59AFEF0A2B77460F00D98506 /* ColorSelectionView.swift in Sources */,
			);
			runOnlyForDeploymentPostprocessing = 0;
		};
/* End PBXSourcesBuildPhase section */

/* Begin PBXVariantGroup section */
		59AFEEFE2B77457300D98506 /* LaunchScreen.storyboard */ = {
			isa = PBXVariantGroup;
			children = (
				59AFEEFF2B77457300D98506 /* Base */,
			);
			name = LaunchScreen.storyboard;
			sourceTree = "<group>";
		};
/* End PBXVariantGroup section */

/* Begin XCBuildConfiguration section */
		59AFEF022B77457300D98506 /* Debug */ = {
			isa = XCBuildConfiguration;
			buildSettings = {
				ALWAYS_SEARCH_USER_PATHS = NO;
				ASSETCATALOG_COMPILER_GENERATE_SWIFT_ASSET_SYMBOL_EXTENSIONS = YES;
				CLANG_ANALYZER_NONNULL = YES;
				CLANG_ANALYZER_NUMBER_OBJECT_CONVERSION = YES_AGGRESSIVE;
				CLANG_CXX_LANGUAGE_STANDARD = "gnu++20";
				CLANG_ENABLE_MODULES = YES;
				CLANG_ENABLE_OBJC_ARC = YES;
				CLANG_ENABLE_OBJC_WEAK = YES;
				CLANG_WARN_BLOCK_CAPTURE_AUTORELEASING = YES;
				CLANG_WARN_BOOL_CONVERSION = YES;
				CLANG_WARN_COMMA = YES;
				CLANG_WARN_CONSTANT_CONVERSION = YES;
				CLANG_WARN_DEPRECATED_OBJC_IMPLEMENTATIONS = YES;
				CLANG_WARN_DIRECT_OBJC_ISA_USAGE = YES_ERROR;
				CLANG_WARN_DOCUMENTATION_COMMENTS = YES;
				CLANG_WARN_EMPTY_BODY = YES;
				CLANG_WARN_ENUM_CONVERSION = YES;
				CLANG_WARN_INFINITE_RECURSION = YES;
				CLANG_WARN_INT_CONVERSION = YES;
				CLANG_WARN_NON_LITERAL_NULL_CONVERSION = YES;
				CLANG_WARN_OBJC_IMPLICIT_RETAIN_SELF = YES;
				CLANG_WARN_OBJC_LITERAL_CONVERSION = YES;
				CLANG_WARN_OBJC_ROOT_CLASS = YES_ERROR;
				CLANG_WARN_QUOTED_INCLUDE_IN_FRAMEWORK_HEADER = YES;
				CLANG_WARN_RANGE_LOOP_ANALYSIS = YES;
				CLANG_WARN_STRICT_PROTOTYPES = YES;
				CLANG_WARN_SUSPICIOUS_MOVE = YES;
				CLANG_WARN_UNGUARDED_AVAILABILITY = YES_AGGRESSIVE;
				CLANG_WARN_UNREACHABLE_CODE = YES;
				CLANG_WARN__DUPLICATE_METHOD_MATCH = YES;
				COPY_PHASE_STRIP = NO;
				DEBUG_INFORMATION_FORMAT = dwarf;
				ENABLE_STRICT_OBJC_MSGSEND = YES;
				ENABLE_TESTABILITY = YES;
				ENABLE_USER_SCRIPT_SANDBOXING = YES;
				GCC_C_LANGUAGE_STANDARD = gnu17;
				GCC_DYNAMIC_NO_PIC = NO;
				GCC_NO_COMMON_BLOCKS = YES;
				GCC_OPTIMIZATION_LEVEL = 0;
				GCC_PREPROCESSOR_DEFINITIONS = (
					"DEBUG=1",
					"$(inherited)",
				);
				GCC_WARN_64_TO_32_BIT_CONVERSION = YES;
				GCC_WARN_ABOUT_RETURN_TYPE = YES_ERROR;
				GCC_WARN_UNDECLARED_SELECTOR = YES;
				GCC_WARN_UNINITIALIZED_AUTOS = YES_AGGRESSIVE;
				GCC_WARN_UNUSED_FUNCTION = YES;
				GCC_WARN_UNUSED_VARIABLE = YES;
				IPHONEOS_DEPLOYMENT_TARGET = 17.2;
				LOCALIZATION_PREFERS_STRING_CATALOGS = YES;
				MTL_ENABLE_DEBUG_INFO = INCLUDE_SOURCE;
				MTL_FAST_MATH = YES;
				ONLY_ACTIVE_ARCH = YES;
				SDKROOT = iphoneos;
				SWIFT_ACTIVE_COMPILATION_CONDITIONS = "DEBUG $(inherited)";
				SWIFT_OPTIMIZATION_LEVEL = "-Onone";
			};
			name = Debug;
		};
		59AFEF032B77457300D98506 /* Release */ = {
			isa = XCBuildConfiguration;
			buildSettings = {
				ALWAYS_SEARCH_USER_PATHS = NO;
				ASSETCATALOG_COMPILER_GENERATE_SWIFT_ASSET_SYMBOL_EXTENSIONS = YES;
				CLANG_ANALYZER_NONNULL = YES;
				CLANG_ANALYZER_NUMBER_OBJECT_CONVERSION = YES_AGGRESSIVE;
				CLANG_CXX_LANGUAGE_STANDARD = "gnu++20";
				CLANG_ENABLE_MODULES = YES;
				CLANG_ENABLE_OBJC_ARC = YES;
				CLANG_ENABLE_OBJC_WEAK = YES;
				CLANG_WARN_BLOCK_CAPTURE_AUTORELEASING = YES;
				CLANG_WARN_BOOL_CONVERSION = YES;
				CLANG_WARN_COMMA = YES;
				CLANG_WARN_CONSTANT_CONVERSION = YES;
				CLANG_WARN_DEPRECATED_OBJC_IMPLEMENTATIONS = YES;
				CLANG_WARN_DIRECT_OBJC_ISA_USAGE = YES_ERROR;
				CLANG_WARN_DOCUMENTATION_COMMENTS = YES;
				CLANG_WARN_EMPTY_BODY = YES;
				CLANG_WARN_ENUM_CONVERSION = YES;
				CLANG_WARN_INFINITE_RECURSION = YES;
				CLANG_WARN_INT_CONVERSION = YES;
				CLANG_WARN_NON_LITERAL_NULL_CONVERSION = YES;
				CLANG_WARN_OBJC_IMPLICIT_RETAIN_SELF = YES;
				CLANG_WARN_OBJC_LITERAL_CONVERSION = YES;
				CLANG_WARN_OBJC_ROOT_CLASS = YES_ERROR;
				CLANG_WARN_QUOTED_INCLUDE_IN_FRAMEWORK_HEADER = YES;
				CLANG_WARN_RANGE_LOOP_ANALYSIS = YES;
				CLANG_WARN_STRICT_PROTOTYPES = YES;
				CLANG_WARN_SUSPICIOUS_MOVE = YES;
				CLANG_WARN_UNGUARDED_AVAILABILITY = YES_AGGRESSIVE;
				CLANG_WARN_UNREACHABLE_CODE = YES;
				CLANG_WARN__DUPLICATE_METHOD_MATCH = YES;
				COPY_PHASE_STRIP = NO;
				DEBUG_INFORMATION_FORMAT = "dwarf-with-dsym";
				ENABLE_NS_ASSERTIONS = NO;
				ENABLE_STRICT_OBJC_MSGSEND = YES;
				ENABLE_USER_SCRIPT_SANDBOXING = YES;
				GCC_C_LANGUAGE_STANDARD = gnu17;
				GCC_NO_COMMON_BLOCKS = YES;
				GCC_WARN_64_TO_32_BIT_CONVERSION = YES;
				GCC_WARN_ABOUT_RETURN_TYPE = YES_ERROR;
				GCC_WARN_UNDECLARED_SELECTOR = YES;
				GCC_WARN_UNINITIALIZED_AUTOS = YES_AGGRESSIVE;
				GCC_WARN_UNUSED_FUNCTION = YES;
				GCC_WARN_UNUSED_VARIABLE = YES;
				IPHONEOS_DEPLOYMENT_TARGET = 17.2;
				LOCALIZATION_PREFERS_STRING_CATALOGS = YES;
				MTL_ENABLE_DEBUG_INFO = NO;
				MTL_FAST_MATH = YES;
				SDKROOT = iphoneos;
				SWIFT_COMPILATION_MODE = wholemodule;
				VALIDATE_PRODUCT = YES;
			};
			name = Release;
		};
		59AFEF052B77457300D98506 /* Debug */ = {
			isa = XCBuildConfiguration;
			buildSettings = {
				ASSETCATALOG_COMPILER_APPICON_NAME = AppIcon;
				ASSETCATALOG_COMPILER_GLOBAL_ACCENT_COLOR_NAME = AccentColor;
				CODE_SIGN_STYLE = Automatic;
				CURRENT_PROJECT_VERSION = 1;
				DEVELOPMENT_TEAM = J64K7CHM53;
				GENERATE_INFOPLIST_FILE = YES;
				INFOPLIST_FILE = ColorBlender/Resources/Info.plist;
				INFOPLIST_KEY_UIApplicationSupportsIndirectInputEvents = YES;
				INFOPLIST_KEY_UILaunchStoryboardName = LaunchScreen;
				INFOPLIST_KEY_UISupportedInterfaceOrientations = UIInterfaceOrientationPortrait;
				INFOPLIST_KEY_UISupportedInterfaceOrientations_iPad = "UIInterfaceOrientationLandscapeLeft UIInterfaceOrientationLandscapeRight UIInterfaceOrientationPortrait UIInterfaceOrientationPortraitUpsideDown";
				LD_RUNPATH_SEARCH_PATHS = (
					"$(inherited)",
					"@executable_path/Frameworks",
				);
				MARKETING_VERSION = 1.0;
				PRODUCT_BUNDLE_IDENTIFIER = com.vesily.ColorBlender;
				PRODUCT_NAME = "$(TARGET_NAME)";
				SUPPORTED_PLATFORMS = "iphoneos iphonesimulator";
				SUPPORTS_MACCATALYST = NO;
				SUPPORTS_MAC_DESIGNED_FOR_IPHONE_IPAD = NO;
				SUPPORTS_XR_DESIGNED_FOR_IPHONE_IPAD = NO;
				SWIFT_EMIT_LOC_STRINGS = YES;
				SWIFT_VERSION = 5.0;
				TARGETED_DEVICE_FAMILY = 1;
			};
			name = Debug;
		};
		59AFEF062B77457300D98506 /* Release */ = {
			isa = XCBuildConfiguration;
			buildSettings = {
				ASSETCATALOG_COMPILER_APPICON_NAME = AppIcon;
				ASSETCATALOG_COMPILER_GLOBAL_ACCENT_COLOR_NAME = AccentColor;
				CODE_SIGN_STYLE = Automatic;
				CURRENT_PROJECT_VERSION = 1;
				DEVELOPMENT_TEAM = J64K7CHM53;
				GENERATE_INFOPLIST_FILE = YES;
				INFOPLIST_FILE = ColorBlender/Resources/Info.plist;
				INFOPLIST_KEY_UIApplicationSupportsIndirectInputEvents = YES;
				INFOPLIST_KEY_UILaunchStoryboardName = LaunchScreen;
				INFOPLIST_KEY_UISupportedInterfaceOrientations = UIInterfaceOrientationPortrait;
				INFOPLIST_KEY_UISupportedInterfaceOrientations_iPad = "UIInterfaceOrientationLandscapeLeft UIInterfaceOrientationLandscapeRight UIInterfaceOrientationPortrait UIInterfaceOrientationPortraitUpsideDown";
				LD_RUNPATH_SEARCH_PATHS = (
					"$(inherited)",
					"@executable_path/Frameworks",
				);
				MARKETING_VERSION = 1.0;
				PRODUCT_BUNDLE_IDENTIFIER = com.vesily.ColorBlender;
				PRODUCT_NAME = "$(TARGET_NAME)";
				SUPPORTED_PLATFORMS = "iphoneos iphonesimulator";
				SUPPORTS_MACCATALYST = NO;
				SUPPORTS_MAC_DESIGNED_FOR_IPHONE_IPAD = NO;
				SUPPORTS_XR_DESIGNED_FOR_IPHONE_IPAD = NO;
				SWIFT_EMIT_LOC_STRINGS = YES;
				SWIFT_VERSION = 5.0;
				TARGETED_DEVICE_FAMILY = 1;
			};
			name = Release;
		};
/* End XCBuildConfiguration section */

/* Begin XCConfigurationList section */
		59AFEEEB2B77457200D98506 /* Build configuration list for PBXProject "ColorBlender" */ = {
			isa = XCConfigurationList;
			buildConfigurations = (
				59AFEF022B77457300D98506 /* Debug */,
				59AFEF032B77457300D98506 /* Release */,
			);
			defaultConfigurationIsVisible = 0;
			defaultConfigurationName = Release;
		};
		59AFEF042B77457300D98506 /* Build configuration list for PBXNativeTarget "ColorBlender" */ = {
			isa = XCConfigurationList;
			buildConfigurations = (
				59AFEF052B77457300D98506 /* Debug */,
				59AFEF062B77457300D98506 /* Release */,
			);
			defaultConfigurationIsVisible = 0;
			defaultConfigurationName = Release;
		};
/* End XCConfigurationList section */
	};
	rootObject = 59AFEEE82B77457200D98506 /* Project object */;
}
